
Microsoft Visual Studio Solution File, Format Version 12.00
Project("{FAE04EC0-301F-11D3-BF4B-00C04F79EFBC}") = "PaxDeiBot", "Bot.WebApi\PaxDeiBot.csproj", "{38B3C178-AEAE-49C9-A381-3D485F85BF4C}"
EndProject
Project("{FAE04EC0-301F-11D3-BF4B-00C04F79EFBC}") = "PaxDeiBot.Avalonia", "PaxDeiBot.Avalonia\PaxDeiBot.Avalonia.csproj", "{1EF097FA-D60C-4132-BA40-FD1C6AD60A64}"
EndProject
Project("{FAE04EC0-301F-11D3-BF4B-00C04F79EFBC}") = "PaxDeiBotApp", "DiscordBotApp\PaxDeiBotApp.csproj", "{9AA8A5C7-6DC2-42C9-A823-947BE7664F17}"
EndProject
Project("{FAE04EC0-301F-11D3-BF4B-00C04F79EFBC}") = "PaxDeiBot.APIClient", "PaxDeiBot.APIClient\PaxDeiBot.APIClient.csproj", "{70728C50-7AC6-427B-AF2D-7F3C3170F152}"
EndProject
Global
	GlobalSection(SolutionConfigurationPlatforms) = preSolution
		Debug|Any CPU = Debug|Any CPU
		Release|Any CPU = Release|Any CPU
	EndGlobalSection
	GlobalSection(ProjectConfigurationPlatforms) = postSolution
		{38B3C178-AEAE-49C9-A381-3D485F85BF4C}.Debug|Any CPU.ActiveCfg = Debug|Any CPU
		{38B3C178-AEAE-49C9-A381-3D485F85BF4C}.Debug|Any CPU.Build.0 = Debug|Any CPU
		{38B3C178-AEAE-49C9-A381-3D485F85BF4C}.Release|Any CPU.ActiveCfg = Release|Any CPU
		{38B3C178-AEAE-49C9-A381-3D485F85BF4C}.Release|Any CPU.Build.0 = Release|Any CPU
		{1EF097FA-D60C-4132-BA40-FD1C6AD60A64}.Debug|Any CPU.ActiveCfg = Debug|Any CPU
		{1EF097FA-D60C-4132-BA40-FD1C6AD60A64}.Debug|Any CPU.Build.0 = Debug|Any CPU
		{1EF097FA-D60C-4132-BA40-FD1C6AD60A64}.Release|Any CPU.ActiveCfg = Release|Any CPU
		{1EF097FA-D60C-4132-BA40-FD1C6AD60A64}.Release|Any CPU.Build.0 = Release|Any CPU
		{9AA8A5C7-6DC2-42C9-A823-947BE7664F17}.Debug|Any CPU.ActiveCfg = Debug|Any CPU
		{9AA8A5C7-6DC2-42C9-A823-947BE7664F17}.Debug|Any CPU.Build.0 = Debug|Any CPU
		{9AA8A5C7-6DC2-42C9-A823-947BE7664F17}.Release|Any CPU.ActiveCfg = Release|Any CPU
		{9AA8A5C7-6DC2-42C9-A823-947BE7664F17}.Release|Any CPU.Build.0 = Release|Any CPU
		{70728C50-7AC6-427B-AF2D-7F3C3170F152}.Debug|Any CPU.ActiveCfg = Debug|Any CPU
		{70728C50-7AC6-427B-AF2D-7F3C3170F152}.Debug|Any CPU.Build.0 = Debug|Any CPU
		{70728C50-7AC6-427B-AF2D-7F3C3170F152}.Release|Any CPU.ActiveCfg = Release|Any CPU
		{70728C50-7AC6-427B-AF2D-7F3C3170F152}.Release|Any CPU.Build.0 = Release|Any CPU
	EndGlobalSection
EndGlobal
